// !$*UTF8*$!
{
	archiveVersion = 1;
	classes = {
	};
	objectVersion = 46;
	objects = {

/* Begin PBXBuildFile section */
		56DAB98C0816CB8147275F83 /* Pods_QHCoreLibTests.framework in Frameworks */ = {isa = PBXBuildFile; fileRef = F75C0F1D4E587187C68A3DCA /* Pods_QHCoreLibTests.framework */; };
		76AB3620BE5A606823AAEBB6 /* Pods_QHCoreLib.framework in Frameworks */ = {isa = PBXBuildFile; fileRef = 20880F98F069B407D7B9CECD /* Pods_QHCoreLib.framework */; };
		EA1D43051ED70BA3002177BF /* QHCoreLibTests.m in Sources */ = {isa = PBXBuildFile; fileRef = EA1D43041ED70BA3002177BF /* QHCoreLibTests.m */; };
		EA1D43071ED70BA3002177BF /* QHCoreLib.h in Headers */ = {isa = PBXBuildFile; fileRef = EA1D42F91ED70BA2002177BF /* QHCoreLib.h */; settings = {ATTRIBUTES = (Public, ); }; };
		EA1D43641ED70CE3002177BF /* Foundation+QHCoreLib.h in Headers */ = {isa = PBXBuildFile; fileRef = EA1D432B1ED70CE3002177BF /* Foundation+QHCoreLib.h */; settings = {ATTRIBUTES = (Public, ); }; };
		EA1D43651ED70CE3002177BF /* Foundation+QHCoreLib.m in Sources */ = {isa = PBXBuildFile; fileRef = EA1D432C1ED70CE3002177BF /* Foundation+QHCoreLib.m */; };
		EA1D43661ED70CE3002177BF /* QHCoreLibCategories.h in Headers */ = {isa = PBXBuildFile; fileRef = EA1D432D1ED70CE3002177BF /* QHCoreLibCategories.h */; settings = {ATTRIBUTES = (Public, ); }; };
		EA1D43691ED70CE3002177BF /* QHDefaultValue.h in Headers */ = {isa = PBXBuildFile; fileRef = EA1D43311ED70CE3002177BF /* QHDefaultValue.h */; settings = {ATTRIBUTES = (Public, ); }; };
		EA1D436A1ED70CE3002177BF /* QHDefaultValue.m in Sources */ = {isa = PBXBuildFile; fileRef = EA1D43321ED70CE3002177BF /* QHDefaultValue.m */; };
		EA1D436B1ED70CE3002177BF /* QHAsserts.h in Headers */ = {isa = PBXBuildFile; fileRef = EA1D43331ED70CE3002177BF /* QHAsserts.h */; settings = {ATTRIBUTES = (Public, ); }; };
		EA1D436D1ED70CE3002177BF /* QHDefines.h in Headers */ = {isa = PBXBuildFile; fileRef = EA1D43351ED70CE3002177BF /* QHDefines.h */; settings = {ATTRIBUTES = (Public, ); }; };
		EA1D436E1ED70CE3002177BF /* QHUtil.h in Headers */ = {isa = PBXBuildFile; fileRef = EA1D43361ED70CE3002177BF /* QHUtil.h */; settings = {ATTRIBUTES = (Public, ); }; };
		EA1D436F1ED70CE3002177BF /* QHUtil.m in Sources */ = {isa = PBXBuildFile; fileRef = EA1D43371ED70CE3002177BF /* QHUtil.m */; };
		EA1D43701ED70CE3002177BF /* DDFileLogger.h in Headers */ = {isa = PBXBuildFile; fileRef = EA1D433A1ED70CE3002177BF /* DDFileLogger.h */; };
		EA1D43711ED70CE3002177BF /* DDFileLogger.m in Sources */ = {isa = PBXBuildFile; fileRef = EA1D433B1ED70CE3002177BF /* DDFileLogger.m */; };
		EA1D43721ED70CE3002177BF /* DDLog.h in Headers */ = {isa = PBXBuildFile; fileRef = EA1D433C1ED70CE3002177BF /* DDLog.h */; settings = {ATTRIBUTES = (Public, ); }; };
		EA1D43731ED70CE3002177BF /* DDLog.m in Sources */ = {isa = PBXBuildFile; fileRef = EA1D433D1ED70CE3002177BF /* DDLog.m */; };
		EA1D43741ED70CE3002177BF /* DDTTYLogger.h in Headers */ = {isa = PBXBuildFile; fileRef = EA1D433E1ED70CE3002177BF /* DDTTYLogger.h */; };
		EA1D43751ED70CE3002177BF /* DDTTYLogger.m in Sources */ = {isa = PBXBuildFile; fileRef = EA1D433F1ED70CE3002177BF /* DDTTYLogger.m */; };
		EA1D43761ED70CE3002177BF /* QHLogUtil.h in Headers */ = {isa = PBXBuildFile; fileRef = EA1D43401ED70CE3002177BF /* QHLogUtil.h */; settings = {ATTRIBUTES = (Public, ); }; };
		EA1D43771ED70CE3002177BF /* QHLogUtil.m in Sources */ = {isa = PBXBuildFile; fileRef = EA1D43411ED70CE3002177BF /* QHLogUtil.m */; };
		EA1D43781ED70CE3002177BF /* QHNetwork.h in Headers */ = {isa = PBXBuildFile; fileRef = EA1D43431ED70CE3002177BF /* QHNetwork.h */; settings = {ATTRIBUTES = (Public, ); }; };
		EA1D43791ED70CE3002177BF /* QHNetwork.m in Sources */ = {isa = PBXBuildFile; fileRef = EA1D43441ED70CE3002177BF /* QHNetwork.m */; };
		EA1D437A1ED70CE3002177BF /* QHNetworkApi+internal.h in Headers */ = {isa = PBXBuildFile; fileRef = EA1D43451ED70CE3002177BF /* QHNetworkApi+internal.h */; settings = {ATTRIBUTES = (Public, ); }; };
		EA1D437B1ED70CE3002177BF /* QHNetworkApi.h in Headers */ = {isa = PBXBuildFile; fileRef = EA1D43461ED70CE3002177BF /* QHNetworkApi.h */; settings = {ATTRIBUTES = (Public, ); }; };
		EA1D437C1ED70CE3002177BF /* QHNetworkApi.m in Sources */ = {isa = PBXBuildFile; fileRef = EA1D43471ED70CE3002177BF /* QHNetworkApi.m */; };
		EA1D437D1ED70CE3002177BF /* QHNetworkRequest.h in Headers */ = {isa = PBXBuildFile; fileRef = EA1D43481ED70CE3002177BF /* QHNetworkRequest.h */; settings = {ATTRIBUTES = (Public, ); }; };
		EA1D437E1ED70CE3002177BF /* QHNetworkRequest.m in Sources */ = {isa = PBXBuildFile; fileRef = EA1D43491ED70CE3002177BF /* QHNetworkRequest.m */; };
		EA1D437F1ED70CE3002177BF /* QHNetworkResponse.h in Headers */ = {isa = PBXBuildFile; fileRef = EA1D434A1ED70CE3002177BF /* QHNetworkResponse.h */; settings = {ATTRIBUTES = (Public, ); }; };
		EA1D43801ED70CE3002177BF /* QHNetworkResponse.m in Sources */ = {isa = PBXBuildFile; fileRef = EA1D434B1ED70CE3002177BF /* QHNetworkResponse.m */; };
		EA1D43811ED70CE3002177BF /* QHNetworkUtil.h in Headers */ = {isa = PBXBuildFile; fileRef = EA1D434C1ED70CE3002177BF /* QHNetworkUtil.h */; settings = {ATTRIBUTES = (Public, ); }; };
		EA1D43821ED70CE3002177BF /* QHNetworkUtil.m in Sources */ = {isa = PBXBuildFile; fileRef = EA1D434D1ED70CE3002177BF /* QHNetworkUtil.m */; };
		EA1D43831ED70CE3002177BF /* QHNetworkWorker.h in Headers */ = {isa = PBXBuildFile; fileRef = EA1D434E1ED70CE3002177BF /* QHNetworkWorker.h */; settings = {ATTRIBUTES = (Public, ); }; };
		EA1D43841ED70CE3002177BF /* QHNetworkWorker.m in Sources */ = {isa = PBXBuildFile; fileRef = EA1D434F1ED70CE3002177BF /* QHNetworkWorker.m */; };
		EA1D43851ED70CE3002177BF /* _QHNetworkWorker+subclass.h in Headers */ = {isa = PBXBuildFile; fileRef = EA1D43511ED70CE3002177BF /* _QHNetworkWorker+subclass.h */; };
		EA1D43861ED70CE3002177BF /* _QHNetworkWorkerAFHTTPRequestOperation.h in Headers */ = {isa = PBXBuildFile; fileRef = EA1D43521ED70CE3002177BF /* _QHNetworkWorkerAFHTTPRequestOperation.h */; };
		EA1D43871ED70CE3002177BF /* _QHNetworkWorkerAFHTTPRequestOperation.m in Sources */ = {isa = PBXBuildFile; fileRef = EA1D43531ED70CE3002177BF /* _QHNetworkWorkerAFHTTPRequestOperation.m */; };
		EA1D43881ED70CE3002177BF /* AFHTTPRequestOperation.h in Headers */ = {isa = PBXBuildFile; fileRef = EA1D43551ED70CE3002177BF /* AFHTTPRequestOperation.h */; };
		EA1D43891ED70CE3002177BF /* AFHTTPRequestOperation.m in Sources */ = {isa = PBXBuildFile; fileRef = EA1D43561ED70CE3002177BF /* AFHTTPRequestOperation.m */; };
		EA1D438A1ED70CE3002177BF /* AFHTTPRequestOperationManager.h in Headers */ = {isa = PBXBuildFile; fileRef = EA1D43571ED70CE3002177BF /* AFHTTPRequestOperationManager.h */; };
		EA1D438B1ED70CE3002177BF /* AFHTTPRequestOperationManager.m in Sources */ = {isa = PBXBuildFile; fileRef = EA1D43581ED70CE3002177BF /* AFHTTPRequestOperationManager.m */; };
		EA1D438C1ED70CE3002177BF /* AFNetworking.h in Headers */ = {isa = PBXBuildFile; fileRef = EA1D43591ED70CE3002177BF /* AFNetworking.h */; };
		EA1D438D1ED70CE3002177BF /* AFNetworkReachabilityManager.h in Headers */ = {isa = PBXBuildFile; fileRef = EA1D435A1ED70CE3002177BF /* AFNetworkReachabilityManager.h */; };
		EA1D438E1ED70CE3002177BF /* AFNetworkReachabilityManager.m in Sources */ = {isa = PBXBuildFile; fileRef = EA1D435B1ED70CE3002177BF /* AFNetworkReachabilityManager.m */; };
		EA1D438F1ED70CE3002177BF /* AFSecurityPolicy.h in Headers */ = {isa = PBXBuildFile; fileRef = EA1D435C1ED70CE3002177BF /* AFSecurityPolicy.h */; };
		EA1D43901ED70CE3002177BF /* AFSecurityPolicy.m in Sources */ = {isa = PBXBuildFile; fileRef = EA1D435D1ED70CE3002177BF /* AFSecurityPolicy.m */; };
		EA1D43911ED70CE3002177BF /* AFURLConnectionOperation.h in Headers */ = {isa = PBXBuildFile; fileRef = EA1D435E1ED70CE3002177BF /* AFURLConnectionOperation.h */; };
		EA1D43921ED70CE3002177BF /* AFURLConnectionOperation.m in Sources */ = {isa = PBXBuildFile; fileRef = EA1D435F1ED70CE3002177BF /* AFURLConnectionOperation.m */; };
		EA1D43931ED70CE3002177BF /* AFURLRequestSerialization.h in Headers */ = {isa = PBXBuildFile; fileRef = EA1D43601ED70CE3002177BF /* AFURLRequestSerialization.h */; };
		EA1D43941ED70CE3002177BF /* AFURLRequestSerialization.m in Sources */ = {isa = PBXBuildFile; fileRef = EA1D43611ED70CE3002177BF /* AFURLRequestSerialization.m */; };
		EA1D43951ED70CE3002177BF /* AFURLResponseSerialization.h in Headers */ = {isa = PBXBuildFile; fileRef = EA1D43621ED70CE3002177BF /* AFURLResponseSerialization.h */; };
		EA1D43961ED70CE3002177BF /* AFURLResponseSerialization.m in Sources */ = {isa = PBXBuildFile; fileRef = EA1D43631ED70CE3002177BF /* AFURLResponseSerialization.m */; };
		EA1D43971ED70E32002177BF /* QHCoreLibAssertsTests.m in Sources */ = {isa = PBXBuildFile; fileRef = EA1D43141ED70C7B002177BF /* QHCoreLibAssertsTests.m */; };
		EA1D43981ED70E35002177BF /* QHCoreLibDefinesTests.m in Sources */ = {isa = PBXBuildFile; fileRef = EA1D43151ED70C7B002177BF /* QHCoreLibDefinesTests.m */; };
		EA1D43991ED70E38002177BF /* QHCoreLibExternCppTests.mm in Sources */ = {isa = PBXBuildFile; fileRef = EA1D43161ED70C7B002177BF /* QHCoreLibExternCppTests.mm */; };
		EA1D439A1ED70E3A002177BF /* QHCoreLibExternCTests.m in Sources */ = {isa = PBXBuildFile; fileRef = EA1D43171ED70C7B002177BF /* QHCoreLibExternCTests.m */; };
		EA1D439B1ED70E40002177BF /* QHCoreLibUtilTests.m in Sources */ = {isa = PBXBuildFile; fileRef = EA1D43191ED70C7B002177BF /* QHCoreLibUtilTests.m */; };
		EA1D439C1ED70E44002177BF /* QHCoreLibDefaultValueTests.m in Sources */ = {isa = PBXBuildFile; fileRef = EA1D43131ED70C7B002177BF /* QHCoreLibDefaultValueTests.m */; };
		EA1D439E1ED70E49002177BF /* QHCoreLibFoundationTests.m in Sources */ = {isa = PBXBuildFile; fileRef = EA1D43101ED70C7B002177BF /* QHCoreLibFoundationTests.m */; };
		EA1D439F1ED70E4C002177BF /* QHCoreLibLogTests.m in Sources */ = {isa = PBXBuildFile; fileRef = EA1D431B1ED70C7B002177BF /* QHCoreLibLogTests.m */; };
		EA1D43A01ED70E50002177BF /* QHCoreLibNetworkApiTests.m in Sources */ = {isa = PBXBuildFile; fileRef = EA1D431D1ED70C7B002177BF /* QHCoreLibNetworkApiTests.m */; };
		EA1D44311ED9332F002177BF /* QHBase.h in Headers */ = {isa = PBXBuildFile; fileRef = EA1D442C1ED92EE7002177BF /* QHBase.h */; settings = {ATTRIBUTES = (Public, ); }; };
		EA1D44351ED95FBC002177BF /* QHClockEntry.h in Headers */ = {isa = PBXBuildFile; fileRef = EA1D44331ED95FBC002177BF /* QHClockEntry.h */; settings = {ATTRIBUTES = (Public, ); }; };
		EA1D44361ED95FBC002177BF /* QHClockEntry.m in Sources */ = {isa = PBXBuildFile; fileRef = EA1D44341ED95FBC002177BF /* QHClockEntry.m */; };
		EAAA79E91ED9639A008135BE /* QHCoreLibClockEntryTests.m in Sources */ = {isa = PBXBuildFile; fileRef = EAAA79E81ED9639A008135BE /* QHCoreLibClockEntryTests.m */; };
		EAAA79EB1ED96871008135BE /* QHAsserts.m in Sources */ = {isa = PBXBuildFile; fileRef = EA1D43341ED70CE3002177BF /* QHAsserts.m */; };
		EAAE57671ED973850084FA69 /* QHCoreLib.framework in Frameworks */ = {isa = PBXBuildFile; fileRef = EA1D42F71ED70BA2002177BF /* QHCoreLib.framework */; };
/* End PBXBuildFile section */

/* Begin PBXContainerItemProxy section */
		EAAE57651ED973800084FA69 /* PBXContainerItemProxy */ = {
			isa = PBXContainerItemProxy;
			containerPortal = EA3C04E41ECC2B7E00C54472 /* Project object */;
			proxyType = 1;
			remoteGlobalIDString = EA1D42F61ED70BA2002177BF;
			remoteInfo = QHCoreLib;
		};
/* End PBXContainerItemProxy section */

/* Begin PBXFileReference section */
		0BF5B35E29ACCBA6610B6542 /* Pods-QHCoreLibTests.debug.xcconfig */ = {isa = PBXFileReference; includeInIndex = 1; lastKnownFileType = text.xcconfig; name = "Pods-QHCoreLibTests.debug.xcconfig"; path = "Pods/Target Support Files/Pods-QHCoreLibTests/Pods-QHCoreLibTests.debug.xcconfig"; sourceTree = "<group>"; };
		20880F98F069B407D7B9CECD /* Pods_QHCoreLib.framework */ = {isa = PBXFileReference; explicitFileType = wrapper.framework; includeInIndex = 0; path = Pods_QHCoreLib.framework; sourceTree = BUILT_PRODUCTS_DIR; };
		7851078F08662E6B8192606E /* Pods-QHCoreLib.debug.xcconfig */ = {isa = PBXFileReference; includeInIndex = 1; lastKnownFileType = text.xcconfig; name = "Pods-QHCoreLib.debug.xcconfig"; path = "Pods/Target Support Files/Pods-QHCoreLib/Pods-QHCoreLib.debug.xcconfig"; sourceTree = "<group>"; };
		938ABA409DE2D52EBFB8B765 /* Pods-QHCoreLib.release.xcconfig */ = {isa = PBXFileReference; includeInIndex = 1; lastKnownFileType = text.xcconfig; name = "Pods-QHCoreLib.release.xcconfig"; path = "Pods/Target Support Files/Pods-QHCoreLib/Pods-QHCoreLib.release.xcconfig"; sourceTree = "<group>"; };
		A4FB93821E521314C7F610C2 /* Pods-QHCoreLibTests.release.xcconfig */ = {isa = PBXFileReference; includeInIndex = 1; lastKnownFileType = text.xcconfig; name = "Pods-QHCoreLibTests.release.xcconfig"; path = "Pods/Target Support Files/Pods-QHCoreLibTests/Pods-QHCoreLibTests.release.xcconfig"; sourceTree = "<group>"; };
		EA1D42F71ED70BA2002177BF /* QHCoreLib.framework */ = {isa = PBXFileReference; explicitFileType = wrapper.framework; includeInIndex = 0; path = QHCoreLib.framework; sourceTree = BUILT_PRODUCTS_DIR; };
		EA1D42F91ED70BA2002177BF /* QHCoreLib.h */ = {isa = PBXFileReference; lastKnownFileType = sourcecode.c.h; path = QHCoreLib.h; sourceTree = "<group>"; };
		EA1D42FA1ED70BA2002177BF /* Info.plist */ = {isa = PBXFileReference; lastKnownFileType = text.plist.xml; path = Info.plist; sourceTree = "<group>"; };
		EA1D42FF1ED70BA2002177BF /* QHCoreLibTests.xctest */ = {isa = PBXFileReference; explicitFileType = wrapper.cfbundle; includeInIndex = 0; path = QHCoreLibTests.xctest; sourceTree = BUILT_PRODUCTS_DIR; };
		EA1D43041ED70BA3002177BF /* QHCoreLibTests.m */ = {isa = PBXFileReference; lastKnownFileType = sourcecode.c.objc; path = QHCoreLibTests.m; sourceTree = "<group>"; };
		EA1D43061ED70BA3002177BF /* Info.plist */ = {isa = PBXFileReference; lastKnownFileType = text.plist.xml; path = Info.plist; sourceTree = "<group>"; };
		EA1D43101ED70C7B002177BF /* QHCoreLibFoundationTests.m */ = {isa = PBXFileReference; fileEncoding = 4; lastKnownFileType = sourcecode.c.objc; path = QHCoreLibFoundationTests.m; sourceTree = "<group>"; };
		EA1D43131ED70C7B002177BF /* QHCoreLibDefaultValueTests.m */ = {isa = PBXFileReference; fileEncoding = 4; lastKnownFileType = sourcecode.c.objc; path = QHCoreLibDefaultValueTests.m; sourceTree = "<group>"; };
		EA1D43141ED70C7B002177BF /* QHCoreLibAssertsTests.m */ = {isa = PBXFileReference; fileEncoding = 4; lastKnownFileType = sourcecode.c.objc; path = QHCoreLibAssertsTests.m; sourceTree = "<group>"; };
		EA1D43151ED70C7B002177BF /* QHCoreLibDefinesTests.m */ = {isa = PBXFileReference; fileEncoding = 4; lastKnownFileType = sourcecode.c.objc; path = QHCoreLibDefinesTests.m; sourceTree = "<group>"; };
		EA1D43161ED70C7B002177BF /* QHCoreLibExternCppTests.mm */ = {isa = PBXFileReference; fileEncoding = 4; lastKnownFileType = sourcecode.cpp.objcpp; path = QHCoreLibExternCppTests.mm; sourceTree = "<group>"; };
		EA1D43171ED70C7B002177BF /* QHCoreLibExternCTests.m */ = {isa = PBXFileReference; fileEncoding = 4; lastKnownFileType = sourcecode.c.objc; path = QHCoreLibExternCTests.m; sourceTree = "<group>"; };
		EA1D43181ED70C7B002177BF /* QHCoreLibExternTest.h */ = {isa = PBXFileReference; fileEncoding = 4; lastKnownFileType = sourcecode.c.h; path = QHCoreLibExternTest.h; sourceTree = "<group>"; };
		EA1D43191ED70C7B002177BF /* QHCoreLibUtilTests.m */ = {isa = PBXFileReference; fileEncoding = 4; lastKnownFileType = sourcecode.c.objc; path = QHCoreLibUtilTests.m; sourceTree = "<group>"; };
		EA1D431B1ED70C7B002177BF /* QHCoreLibLogTests.m */ = {isa = PBXFileReference; fileEncoding = 4; lastKnownFileType = sourcecode.c.objc; path = QHCoreLibLogTests.m; sourceTree = "<group>"; };
		EA1D431D1ED70C7B002177BF /* QHCoreLibNetworkApiTests.m */ = {isa = PBXFileReference; fileEncoding = 4; lastKnownFileType = sourcecode.c.objc; path = QHCoreLibNetworkApiTests.m; sourceTree = "<group>"; };
		EA1D432B1ED70CE3002177BF /* Foundation+QHCoreLib.h */ = {isa = PBXFileReference; fileEncoding = 4; lastKnownFileType = sourcecode.c.h; path = "Foundation+QHCoreLib.h"; sourceTree = "<group>"; };
		EA1D432C1ED70CE3002177BF /* Foundation+QHCoreLib.m */ = {isa = PBXFileReference; fileEncoding = 4; lastKnownFileType = sourcecode.c.objc; path = "Foundation+QHCoreLib.m"; sourceTree = "<group>"; };
		EA1D432D1ED70CE3002177BF /* QHCoreLibCategories.h */ = {isa = PBXFileReference; fileEncoding = 4; lastKnownFileType = sourcecode.c.h; path = QHCoreLibCategories.h; sourceTree = "<group>"; };
		EA1D43311ED70CE3002177BF /* QHDefaultValue.h */ = {isa = PBXFileReference; fileEncoding = 4; lastKnownFileType = sourcecode.c.h; path = QHDefaultValue.h; sourceTree = "<group>"; };
		EA1D43321ED70CE3002177BF /* QHDefaultValue.m */ = {isa = PBXFileReference; fileEncoding = 4; lastKnownFileType = sourcecode.c.objc; path = QHDefaultValue.m; sourceTree = "<group>"; };
		EA1D43331ED70CE3002177BF /* QHAsserts.h */ = {isa = PBXFileReference; fileEncoding = 4; lastKnownFileType = sourcecode.c.h; path = QHAsserts.h; sourceTree = "<group>"; };
		EA1D43341ED70CE3002177BF /* QHAsserts.m */ = {isa = PBXFileReference; fileEncoding = 4; lastKnownFileType = sourcecode.c.objc; path = QHAsserts.m; sourceTree = "<group>"; };
		EA1D43351ED70CE3002177BF /* QHDefines.h */ = {isa = PBXFileReference; fileEncoding = 4; lastKnownFileType = sourcecode.c.h; path = QHDefines.h; sourceTree = "<group>"; };
		EA1D43361ED70CE3002177BF /* QHUtil.h */ = {isa = PBXFileReference; fileEncoding = 4; lastKnownFileType = sourcecode.c.h; path = QHUtil.h; sourceTree = "<group>"; };
		EA1D43371ED70CE3002177BF /* QHUtil.m */ = {isa = PBXFileReference; fileEncoding = 4; lastKnownFileType = sourcecode.c.objc; path = QHUtil.m; sourceTree = "<group>"; };
		EA1D433A1ED70CE3002177BF /* DDFileLogger.h */ = {isa = PBXFileReference; fileEncoding = 4; lastKnownFileType = sourcecode.c.h; path = DDFileLogger.h; sourceTree = "<group>"; };
		EA1D433B1ED70CE3002177BF /* DDFileLogger.m */ = {isa = PBXFileReference; fileEncoding = 4; lastKnownFileType = sourcecode.c.objc; path = DDFileLogger.m; sourceTree = "<group>"; };
		EA1D433C1ED70CE3002177BF /* DDLog.h */ = {isa = PBXFileReference; fileEncoding = 4; lastKnownFileType = sourcecode.c.h; path = DDLog.h; sourceTree = "<group>"; };
		EA1D433D1ED70CE3002177BF /* DDLog.m */ = {isa = PBXFileReference; fileEncoding = 4; lastKnownFileType = sourcecode.c.objc; path = DDLog.m; sourceTree = "<group>"; };
		EA1D433E1ED70CE3002177BF /* DDTTYLogger.h */ = {isa = PBXFileReference; fileEncoding = 4; lastKnownFileType = sourcecode.c.h; path = DDTTYLogger.h; sourceTree = "<group>"; };
		EA1D433F1ED70CE3002177BF /* DDTTYLogger.m */ = {isa = PBXFileReference; fileEncoding = 4; lastKnownFileType = sourcecode.c.objc; path = DDTTYLogger.m; sourceTree = "<group>"; };
		EA1D43401ED70CE3002177BF /* QHLogUtil.h */ = {isa = PBXFileReference; fileEncoding = 4; lastKnownFileType = sourcecode.c.h; path = QHLogUtil.h; sourceTree = "<group>"; };
		EA1D43411ED70CE3002177BF /* QHLogUtil.m */ = {isa = PBXFileReference; fileEncoding = 4; lastKnownFileType = sourcecode.c.objc; path = QHLogUtil.m; sourceTree = "<group>"; };
		EA1D43431ED70CE3002177BF /* QHNetwork.h */ = {isa = PBXFileReference; fileEncoding = 4; lastKnownFileType = sourcecode.c.h; path = QHNetwork.h; sourceTree = "<group>"; };
		EA1D43441ED70CE3002177BF /* QHNetwork.m */ = {isa = PBXFileReference; fileEncoding = 4; lastKnownFileType = sourcecode.c.objc; path = QHNetwork.m; sourceTree = "<group>"; };
		EA1D43451ED70CE3002177BF /* QHNetworkApi+internal.h */ = {isa = PBXFileReference; fileEncoding = 4; lastKnownFileType = sourcecode.c.h; path = "QHNetworkApi+internal.h"; sourceTree = "<group>"; };
		EA1D43461ED70CE3002177BF /* QHNetworkApi.h */ = {isa = PBXFileReference; fileEncoding = 4; lastKnownFileType = sourcecode.c.h; path = QHNetworkApi.h; sourceTree = "<group>"; };
		EA1D43471ED70CE3002177BF /* QHNetworkApi.m */ = {isa = PBXFileReference; fileEncoding = 4; lastKnownFileType = sourcecode.c.objc; path = QHNetworkApi.m; sourceTree = "<group>"; };
		EA1D43481ED70CE3002177BF /* QHNetworkRequest.h */ = {isa = PBXFileReference; fileEncoding = 4; lastKnownFileType = sourcecode.c.h; path = QHNetworkRequest.h; sourceTree = "<group>"; };
		EA1D43491ED70CE3002177BF /* QHNetworkRequest.m */ = {isa = PBXFileReference; fileEncoding = 4; lastKnownFileType = sourcecode.c.objc; path = QHNetworkRequest.m; sourceTree = "<group>"; };
		EA1D434A1ED70CE3002177BF /* QHNetworkResponse.h */ = {isa = PBXFileReference; fileEncoding = 4; lastKnownFileType = sourcecode.c.h; path = QHNetworkResponse.h; sourceTree = "<group>"; };
		EA1D434B1ED70CE3002177BF /* QHNetworkResponse.m */ = {isa = PBXFileReference; fileEncoding = 4; lastKnownFileType = sourcecode.c.objc; path = QHNetworkResponse.m; sourceTree = "<group>"; };
		EA1D434C1ED70CE3002177BF /* QHNetworkUtil.h */ = {isa = PBXFileReference; fileEncoding = 4; lastKnownFileType = sourcecode.c.h; path = QHNetworkUtil.h; sourceTree = "<group>"; };
		EA1D434D1ED70CE3002177BF /* QHNetworkUtil.m */ = {isa = PBXFileReference; fileEncoding = 4; lastKnownFileType = sourcecode.c.objc; path = QHNetworkUtil.m; sourceTree = "<group>"; };
		EA1D434E1ED70CE3002177BF /* QHNetworkWorker.h */ = {isa = PBXFileReference; fileEncoding = 4; lastKnownFileType = sourcecode.c.h; path = QHNetworkWorker.h; sourceTree = "<group>"; };
		EA1D434F1ED70CE3002177BF /* QHNetworkWorker.m */ = {isa = PBXFileReference; fileEncoding = 4; lastKnownFileType = sourcecode.c.objc; path = QHNetworkWorker.m; sourceTree = "<group>"; };
		EA1D43511ED70CE3002177BF /* _QHNetworkWorker+subclass.h */ = {isa = PBXFileReference; fileEncoding = 4; lastKnownFileType = sourcecode.c.h; path = "_QHNetworkWorker+subclass.h"; sourceTree = "<group>"; };
		EA1D43521ED70CE3002177BF /* _QHNetworkWorkerAFHTTPRequestOperation.h */ = {isa = PBXFileReference; fileEncoding = 4; lastKnownFileType = sourcecode.c.h; path = _QHNetworkWorkerAFHTTPRequestOperation.h; sourceTree = "<group>"; };
		EA1D43531ED70CE3002177BF /* _QHNetworkWorkerAFHTTPRequestOperation.m */ = {isa = PBXFileReference; fileEncoding = 4; lastKnownFileType = sourcecode.c.objc; path = _QHNetworkWorkerAFHTTPRequestOperation.m; sourceTree = "<group>"; };
		EA1D43551ED70CE3002177BF /* AFHTTPRequestOperation.h */ = {isa = PBXFileReference; fileEncoding = 4; lastKnownFileType = sourcecode.c.h; path = AFHTTPRequestOperation.h; sourceTree = "<group>"; };
		EA1D43561ED70CE3002177BF /* AFHTTPRequestOperation.m */ = {isa = PBXFileReference; fileEncoding = 4; lastKnownFileType = sourcecode.c.objc; path = AFHTTPRequestOperation.m; sourceTree = "<group>"; };
		EA1D43571ED70CE3002177BF /* AFHTTPRequestOperationManager.h */ = {isa = PBXFileReference; fileEncoding = 4; lastKnownFileType = sourcecode.c.h; path = AFHTTPRequestOperationManager.h; sourceTree = "<group>"; };
		EA1D43581ED70CE3002177BF /* AFHTTPRequestOperationManager.m */ = {isa = PBXFileReference; fileEncoding = 4; lastKnownFileType = sourcecode.c.objc; path = AFHTTPRequestOperationManager.m; sourceTree = "<group>"; };
		EA1D43591ED70CE3002177BF /* AFNetworking.h */ = {isa = PBXFileReference; fileEncoding = 4; lastKnownFileType = sourcecode.c.h; path = AFNetworking.h; sourceTree = "<group>"; };
		EA1D435A1ED70CE3002177BF /* AFNetworkReachabilityManager.h */ = {isa = PBXFileReference; fileEncoding = 4; lastKnownFileType = sourcecode.c.h; path = AFNetworkReachabilityManager.h; sourceTree = "<group>"; };
		EA1D435B1ED70CE3002177BF /* AFNetworkReachabilityManager.m */ = {isa = PBXFileReference; fileEncoding = 4; lastKnownFileType = sourcecode.c.objc; path = AFNetworkReachabilityManager.m; sourceTree = "<group>"; };
		EA1D435C1ED70CE3002177BF /* AFSecurityPolicy.h */ = {isa = PBXFileReference; fileEncoding = 4; lastKnownFileType = sourcecode.c.h; path = AFSecurityPolicy.h; sourceTree = "<group>"; };
		EA1D435D1ED70CE3002177BF /* AFSecurityPolicy.m */ = {isa = PBXFileReference; fileEncoding = 4; lastKnownFileType = sourcecode.c.objc; path = AFSecurityPolicy.m; sourceTree = "<group>"; };
		EA1D435E1ED70CE3002177BF /* AFURLConnectionOperation.h */ = {isa = PBXFileReference; fileEncoding = 4; lastKnownFileType = sourcecode.c.h; path = AFURLConnectionOperation.h; sourceTree = "<group>"; };
		EA1D435F1ED70CE3002177BF /* AFURLConnectionOperation.m */ = {isa = PBXFileReference; fileEncoding = 4; lastKnownFileType = sourcecode.c.objc; path = AFURLConnectionOperation.m; sourceTree = "<group>"; };
		EA1D43601ED70CE3002177BF /* AFURLRequestSerialization.h */ = {isa = PBXFileReference; fileEncoding = 4; lastKnownFileType = sourcecode.c.h; path = AFURLRequestSerialization.h; sourceTree = "<group>"; };
		EA1D43611ED70CE3002177BF /* AFURLRequestSerialization.m */ = {isa = PBXFileReference; fileEncoding = 4; lastKnownFileType = sourcecode.c.objc; path = AFURLRequestSerialization.m; sourceTree = "<group>"; };
		EA1D43621ED70CE3002177BF /* AFURLResponseSerialization.h */ = {isa = PBXFileReference; fileEncoding = 4; lastKnownFileType = sourcecode.c.h; path = AFURLResponseSerialization.h; sourceTree = "<group>"; };
		EA1D43631ED70CE3002177BF /* AFURLResponseSerialization.m */ = {isa = PBXFileReference; fileEncoding = 4; lastKnownFileType = sourcecode.c.objc; path = AFURLResponseSerialization.m; sourceTree = "<group>"; };
		EA1D442B1ED92ED9002177BF /* QHCoreLib.modulemap */ = {isa = PBXFileReference; fileEncoding = 4; lastKnownFileType = "sourcecode.module-map"; path = QHCoreLib.modulemap; sourceTree = "<group>"; };
		EA1D442C1ED92EE7002177BF /* QHBase.h */ = {isa = PBXFileReference; lastKnownFileType = sourcecode.c.h; path = QHBase.h; sourceTree = "<group>"; };
		EA1D44331ED95FBC002177BF /* QHClockEntry.h */ = {isa = PBXFileReference; fileEncoding = 4; lastKnownFileType = sourcecode.c.h; path = QHClockEntry.h; sourceTree = "<group>"; };
		EA1D44341ED95FBC002177BF /* QHClockEntry.m */ = {isa = PBXFileReference; fileEncoding = 4; lastKnownFileType = sourcecode.c.objc; path = QHClockEntry.m; sourceTree = "<group>"; };
		EAAA79E81ED9639A008135BE /* QHCoreLibClockEntryTests.m */ = {isa = PBXFileReference; fileEncoding = 4; lastKnownFileType = sourcecode.c.objc; path = QHCoreLibClockEntryTests.m; sourceTree = "<group>"; };
		F75C0F1D4E587187C68A3DCA /* Pods_QHCoreLibTests.framework */ = {isa = PBXFileReference; explicitFileType = wrapper.framework; includeInIndex = 0; path = Pods_QHCoreLibTests.framework; sourceTree = BUILT_PRODUCTS_DIR; };
/* End PBXFileReference section */

/* Begin PBXFrameworksBuildPhase section */
		EA1D42F31ED70BA2002177BF /* Frameworks */ = {
			isa = PBXFrameworksBuildPhase;
			buildActionMask = 2147483647;
			files = (
				76AB3620BE5A606823AAEBB6 /* Pods_QHCoreLib.framework in Frameworks */,
			);
			runOnlyForDeploymentPostprocessing = 0;
		};
		EA1D42FC1ED70BA2002177BF /* Frameworks */ = {
			isa = PBXFrameworksBuildPhase;
			buildActionMask = 2147483647;
			files = (
				EAAE57671ED973850084FA69 /* QHCoreLib.framework in Frameworks */,
				56DAB98C0816CB8147275F83 /* Pods_QHCoreLibTests.framework in Frameworks */,
			);
			runOnlyForDeploymentPostprocessing = 0;
		};
/* End PBXFrameworksBuildPhase section */

/* Begin PBXGroup section */
		00E5F898274EC58F22420238 /* Frameworks */ = {
			isa = PBXGroup;
			children = (
				20880F98F069B407D7B9CECD /* Pods_QHCoreLib.framework */,
				F75C0F1D4E587187C68A3DCA /* Pods_QHCoreLibTests.framework */,
			);
			name = Frameworks;
			sourceTree = "<group>";
		};
		E077182D48057D0493B1DD2C /* Pods */ = {
			isa = PBXGroup;
			children = (
				7851078F08662E6B8192606E /* Pods-QHCoreLib.debug.xcconfig */,
				938ABA409DE2D52EBFB8B765 /* Pods-QHCoreLib.release.xcconfig */,
				0BF5B35E29ACCBA6610B6542 /* Pods-QHCoreLibTests.debug.xcconfig */,
				A4FB93821E521314C7F610C2 /* Pods-QHCoreLibTests.release.xcconfig */,
			);
			name = Pods;
			sourceTree = "<group>";
		};
		EA1D42F81ED70BA2002177BF /* QHCoreLib */ = {
			isa = PBXGroup;
			children = (
				EAAE57A71EDAB2CF0084FA69 /* Support files */,
				EA1D43291ED70CE3002177BF /* Base */,
				EA1D43381ED70CE3002177BF /* Log */,
				EA1D44321ED95FBC002177BF /* Profiler */,
				EA1D43421ED70CE3002177BF /* Network */,
			);
			path = QHCoreLib;
			sourceTree = "<group>";
		};
		EA1D43031ED70BA3002177BF /* QHCoreLibTests */ = {
			isa = PBXGroup;
			children = (
				EA1D43061ED70BA3002177BF /* Info.plist */,
				EA1D43041ED70BA3002177BF /* QHCoreLibTests.m */,
				EA1D430E1ED70C7B002177BF /* Base */,
				EA1D431A1ED70C7B002177BF /* Log */,
				EAAA79E71ED9639A008135BE /* Profiler */,
				EA1D431C1ED70C7B002177BF /* Network */,
			);
			path = QHCoreLibTests;
			sourceTree = "<group>";
		};
		EA1D430E1ED70C7B002177BF /* Base */ = {
			isa = PBXGroup;
			children = (
				EA1D43151ED70C7B002177BF /* QHCoreLibDefinesTests.m */,
				EA1D43141ED70C7B002177BF /* QHCoreLibAssertsTests.m */,
				EA1D43181ED70C7B002177BF /* QHCoreLibExternTest.h */,
				EA1D43171ED70C7B002177BF /* QHCoreLibExternCTests.m */,
				EA1D43161ED70C7B002177BF /* QHCoreLibExternCppTests.mm */,
				EA1D43191ED70C7B002177BF /* QHCoreLibUtilTests.m */,
				EA1D430F1ED70C7B002177BF /* Category */,
				EA1D43111ED70C7B002177BF /* Misc */,
			);
			path = Base;
			sourceTree = "<group>";
		};
		EA1D430F1ED70C7B002177BF /* Category */ = {
			isa = PBXGroup;
			children = (
				EA1D43101ED70C7B002177BF /* QHCoreLibFoundationTests.m */,
			);
			path = Category;
			sourceTree = "<group>";
		};
		EA1D43111ED70C7B002177BF /* Misc */ = {
			isa = PBXGroup;
			children = (
				EA1D43131ED70C7B002177BF /* QHCoreLibDefaultValueTests.m */,
			);
			path = Misc;
			sourceTree = "<group>";
		};
		EA1D431A1ED70C7B002177BF /* Log */ = {
			isa = PBXGroup;
			children = (
				EA1D431B1ED70C7B002177BF /* QHCoreLibLogTests.m */,
			);
			path = Log;
			sourceTree = "<group>";
		};
		EA1D431C1ED70C7B002177BF /* Network */ = {
			isa = PBXGroup;
			children = (
				EA1D431D1ED70C7B002177BF /* QHCoreLibNetworkApiTests.m */,
			);
			path = Network;
			sourceTree = "<group>";
		};
		EA1D43291ED70CE3002177BF /* Base */ = {
			isa = PBXGroup;
			children = (
				EA1D442C1ED92EE7002177BF /* QHBase.h */,
				EA1D43351ED70CE3002177BF /* QHDefines.h */,
				EA1D43331ED70CE3002177BF /* QHAsserts.h */,
				EA1D43341ED70CE3002177BF /* QHAsserts.m */,
				EA1D43361ED70CE3002177BF /* QHUtil.h */,
				EA1D43371ED70CE3002177BF /* QHUtil.m */,
				EA1D432A1ED70CE3002177BF /* Category */,
				EA1D432E1ED70CE3002177BF /* Misc */,
			);
			path = Base;
			sourceTree = "<group>";
		};
		EA1D432A1ED70CE3002177BF /* Category */ = {
			isa = PBXGroup;
			children = (
				EA1D432D1ED70CE3002177BF /* QHCoreLibCategories.h */,
				EA1D432B1ED70CE3002177BF /* Foundation+QHCoreLib.h */,
				EA1D432C1ED70CE3002177BF /* Foundation+QHCoreLib.m */,
			);
			path = Category;
			sourceTree = "<group>";
		};
		EA1D432E1ED70CE3002177BF /* Misc */ = {
			isa = PBXGroup;
			children = (
				EA1D43311ED70CE3002177BF /* QHDefaultValue.h */,
				EA1D43321ED70CE3002177BF /* QHDefaultValue.m */,
			);
			path = Misc;
			sourceTree = "<group>";
		};
		EA1D43381ED70CE3002177BF /* Log */ = {
			isa = PBXGroup;
			children = (
				EA1D43401ED70CE3002177BF /* QHLogUtil.h */,
				EA1D43411ED70CE3002177BF /* QHLogUtil.m */,
				EA1D43391ED70CE3002177BF /* Lumberjack */,
			);
			path = Log;
			sourceTree = "<group>";
		};
		EA1D43391ED70CE3002177BF /* Lumberjack */ = {
			isa = PBXGroup;
			children = (
				EA1D433C1ED70CE3002177BF /* DDLog.h */,
				EA1D433D1ED70CE3002177BF /* DDLog.m */,
				EA1D433E1ED70CE3002177BF /* DDTTYLogger.h */,
				EA1D433F1ED70CE3002177BF /* DDTTYLogger.m */,
				EA1D433A1ED70CE3002177BF /* DDFileLogger.h */,
				EA1D433B1ED70CE3002177BF /* DDFileLogger.m */,
			);
			path = Lumberjack;
			sourceTree = "<group>";
		};
		EA1D43421ED70CE3002177BF /* Network */ = {
			isa = PBXGroup;
			children = (
				EA1D43431ED70CE3002177BF /* QHNetwork.h */,
				EA1D43441ED70CE3002177BF /* QHNetwork.m */,
				EA1D434C1ED70CE3002177BF /* QHNetworkUtil.h */,
				EA1D434D1ED70CE3002177BF /* QHNetworkUtil.m */,
				EA1D43481ED70CE3002177BF /* QHNetworkRequest.h */,
				EA1D43491ED70CE3002177BF /* QHNetworkRequest.m */,
				EA1D434A1ED70CE3002177BF /* QHNetworkResponse.h */,
				EA1D434B1ED70CE3002177BF /* QHNetworkResponse.m */,
				EA1D434E1ED70CE3002177BF /* QHNetworkWorker.h */,
				EA1D434F1ED70CE3002177BF /* QHNetworkWorker.m */,
				EA1D43501ED70CE3002177BF /* Worker-internal */,
				EA1D43461ED70CE3002177BF /* QHNetworkApi.h */,
				EA1D43451ED70CE3002177BF /* QHNetworkApi+internal.h */,
				EA1D43471ED70CE3002177BF /* QHNetworkApi.m */,
			);
			path = Network;
			sourceTree = "<group>";
		};
		EA1D43501ED70CE3002177BF /* Worker-internal */ = {
			isa = PBXGroup;
			children = (
				EA1D43511ED70CE3002177BF /* _QHNetworkWorker+subclass.h */,
				EA1D43541ED70CE3002177BF /* AFNetworking-2.5.0 */,
				EA1D43521ED70CE3002177BF /* _QHNetworkWorkerAFHTTPRequestOperation.h */,
				EA1D43531ED70CE3002177BF /* _QHNetworkWorkerAFHTTPRequestOperation.m */,
			);
			path = "Worker-internal";
			sourceTree = "<group>";
		};
		EA1D43541ED70CE3002177BF /* AFNetworking-2.5.0 */ = {
			isa = PBXGroup;
			children = (
				EA1D43551ED70CE3002177BF /* AFHTTPRequestOperation.h */,
				EA1D43561ED70CE3002177BF /* AFHTTPRequestOperation.m */,
				EA1D43571ED70CE3002177BF /* AFHTTPRequestOperationManager.h */,
				EA1D43581ED70CE3002177BF /* AFHTTPRequestOperationManager.m */,
				EA1D43591ED70CE3002177BF /* AFNetworking.h */,
				EA1D435A1ED70CE3002177BF /* AFNetworkReachabilityManager.h */,
				EA1D435B1ED70CE3002177BF /* AFNetworkReachabilityManager.m */,
				EA1D435C1ED70CE3002177BF /* AFSecurityPolicy.h */,
				EA1D435D1ED70CE3002177BF /* AFSecurityPolicy.m */,
				EA1D435E1ED70CE3002177BF /* AFURLConnectionOperation.h */,
				EA1D435F1ED70CE3002177BF /* AFURLConnectionOperation.m */,
				EA1D43601ED70CE3002177BF /* AFURLRequestSerialization.h */,
				EA1D43611ED70CE3002177BF /* AFURLRequestSerialization.m */,
				EA1D43621ED70CE3002177BF /* AFURLResponseSerialization.h */,
				EA1D43631ED70CE3002177BF /* AFURLResponseSerialization.m */,
			);
			path = "AFNetworking-2.5.0";
			sourceTree = "<group>";
		};
		EA1D44321ED95FBC002177BF /* Profiler */ = {
			isa = PBXGroup;
			children = (
				EA1D44331ED95FBC002177BF /* QHClockEntry.h */,
				EA1D44341ED95FBC002177BF /* QHClockEntry.m */,
			);
			path = Profiler;
			sourceTree = "<group>";
		};
		EA3C04E31ECC2B7E00C54472 = {
			isa = PBXGroup;
			children = (
				EA1D42F81ED70BA2002177BF /* QHCoreLib */,
				EA1D43031ED70BA3002177BF /* QHCoreLibTests */,
				EA3C04ED1ECC2B7E00C54472 /* Products */,
				E077182D48057D0493B1DD2C /* Pods */,
				00E5F898274EC58F22420238 /* Frameworks */,
			);
			sourceTree = "<group>";
		};
		EA3C04ED1ECC2B7E00C54472 /* Products */ = {
			isa = PBXGroup;
			children = (
				EA1D42F71ED70BA2002177BF /* QHCoreLib.framework */,
				EA1D42FF1ED70BA2002177BF /* QHCoreLibTests.xctest */,
			);
			name = Products;
			sourceTree = "<group>";
		};
		EAAA79E71ED9639A008135BE /* Profiler */ = {
			isa = PBXGroup;
			children = (
				EAAA79E81ED9639A008135BE /* QHCoreLibClockEntryTests.m */,
			);
			path = Profiler;
			sourceTree = "<group>";
		};
		EAAE57A71EDAB2CF0084FA69 /* Support files */ = {
			isa = PBXGroup;
			children = (
				EA1D42FA1ED70BA2002177BF /* Info.plist */,
				EA1D42F91ED70BA2002177BF /* QHCoreLib.h */,
				EA1D442B1ED92ED9002177BF /* QHCoreLib.modulemap */,
			);
			name = "Support files";
			sourceTree = "<group>";
		};
/* End PBXGroup section */

/* Begin PBXHeadersBuildPhase section */
		EA1D42F41ED70BA2002177BF /* Headers */ = {
			isa = PBXHeadersBuildPhase;
			buildActionMask = 2147483647;
			files = (
				EA1D437D1ED70CE3002177BF /* QHNetworkRequest.h in Headers */,
				EA1D437F1ED70CE3002177BF /* QHNetworkResponse.h in Headers */,
				EA1D436B1ED70CE3002177BF /* QHAsserts.h in Headers */,
				EA1D43831ED70CE3002177BF /* QHNetworkWorker.h in Headers */,
				EA1D437B1ED70CE3002177BF /* QHNetworkApi.h in Headers */,
				EA1D44351ED95FBC002177BF /* QHClockEntry.h in Headers */,
				EA1D436E1ED70CE3002177BF /* QHUtil.h in Headers */,
				EA1D43811ED70CE3002177BF /* QHNetworkUtil.h in Headers */,
				EA1D43781ED70CE3002177BF /* QHNetwork.h in Headers */,
				EA1D43641ED70CE3002177BF /* Foundation+QHCoreLib.h in Headers */,
				EA1D43721ED70CE3002177BF /* DDLog.h in Headers */,
				EA1D43691ED70CE3002177BF /* QHDefaultValue.h in Headers */,
				EA1D43661ED70CE3002177BF /* QHCoreLibCategories.h in Headers */,
				EA1D43761ED70CE3002177BF /* QHLogUtil.h in Headers */,
				EA1D436D1ED70CE3002177BF /* QHDefines.h in Headers */,
				EA1D437A1ED70CE3002177BF /* QHNetworkApi+internal.h in Headers */,
				EA1D43931ED70CE3002177BF /* AFURLRequestSerialization.h in Headers */,
				EA1D43701ED70CE3002177BF /* DDFileLogger.h in Headers */,
				EA1D438A1ED70CE3002177BF /* AFHTTPRequestOperationManager.h in Headers */,
				EA1D43851ED70CE3002177BF /* _QHNetworkWorker+subclass.h in Headers */,
				EA1D43951ED70CE3002177BF /* AFURLResponseSerialization.h in Headers */,
				EA1D438F1ED70CE3002177BF /* AFSecurityPolicy.h in Headers */,
				EA1D43741ED70CE3002177BF /* DDTTYLogger.h in Headers */,
				EA1D438C1ED70CE3002177BF /* AFNetworking.h in Headers */,
				EA1D44311ED9332F002177BF /* QHBase.h in Headers */,
				EA1D438D1ED70CE3002177BF /* AFNetworkReachabilityManager.h in Headers */,
				EA1D43861ED70CE3002177BF /* _QHNetworkWorkerAFHTTPRequestOperation.h in Headers */,
				EA1D43911ED70CE3002177BF /* AFURLConnectionOperation.h in Headers */,
				EA1D43071ED70BA3002177BF /* QHCoreLib.h in Headers */,
				EA1D43881ED70CE3002177BF /* AFHTTPRequestOperation.h in Headers */,
			);
			runOnlyForDeploymentPostprocessing = 0;
		};
/* End PBXHeadersBuildPhase section */

/* Begin PBXNativeTarget section */
		EA1D42F61ED70BA2002177BF /* QHCoreLib */ = {
			isa = PBXNativeTarget;
			buildConfigurationList = EA1D43081ED70BA3002177BF /* Build configuration list for PBXNativeTarget "QHCoreLib" */;
			buildPhases = (
				47B014A16C566C20BBA5145B /* [CP] Check Pods Manifest.lock */,
				EA1D42F21ED70BA2002177BF /* Sources */,
				EA1D42F31ED70BA2002177BF /* Frameworks */,
				EA1D42F41ED70BA2002177BF /* Headers */,
				EA1D42F51ED70BA2002177BF /* Resources */,
				B6C3491FE4C6D4CBEAF9EEA2 /* [CP] Copy Pods Resources */,
			);
			buildRules = (
			);
			dependencies = (
			);
			name = QHCoreLib;
			productName = QHCoreLib;
			productReference = EA1D42F71ED70BA2002177BF /* QHCoreLib.framework */;
			productType = "com.apple.product-type.framework";
		};
		EA1D42FE1ED70BA2002177BF /* QHCoreLibTests */ = {
			isa = PBXNativeTarget;
			buildConfigurationList = EA1D430B1ED70BA3002177BF /* Build configuration list for PBXNativeTarget "QHCoreLibTests" */;
			buildPhases = (
				0AC51F79A675BE95F852769D /* [CP] Check Pods Manifest.lock */,
				EA1D42FB1ED70BA2002177BF /* Sources */,
				EA1D42FC1ED70BA2002177BF /* Frameworks */,
				EA1D42FD1ED70BA2002177BF /* Resources */,
				3370BE98A21AE65169A1026D /* [CP] Embed Pods Frameworks */,
				AE4E1CE11F78CCA2F1FDE0D1 /* [CP] Copy Pods Resources */,
			);
			buildRules = (
			);
			dependencies = (
				EAAE57661ED973800084FA69 /* PBXTargetDependency */,
			);
			name = QHCoreLibTests;
			productName = QHCoreLibTests;
			productReference = EA1D42FF1ED70BA2002177BF /* QHCoreLibTests.xctest */;
			productType = "com.apple.product-type.bundle.unit-test";
		};
/* End PBXNativeTarget section */

/* Begin PBXProject section */
		EA3C04E41ECC2B7E00C54472 /* Project object */ = {
			isa = PBXProject;
			attributes = {
				LastUpgradeCheck = 0830;
				ORGANIZATIONNAME = Tencent;
				TargetAttributes = {
					EA1D42F61ED70BA2002177BF = {
						CreatedOnToolsVersion = 8.3.2;
						DevelopmentTeam = XD4G683TDY;
						ProvisioningStyle = Automatic;
					};
					EA1D42FE1ED70BA2002177BF = {
						CreatedOnToolsVersion = 8.3.2;
						DevelopmentTeam = XD4G683TDY;
						ProvisioningStyle = Automatic;
					};
				};
			};
			buildConfigurationList = EA3C04E71ECC2B7E00C54472 /* Build configuration list for PBXProject "QHCoreLib" */;
			compatibilityVersion = "Xcode 3.2";
			developmentRegion = English;
			hasScannedForEncodings = 0;
			knownRegions = (
				en,
			);
			mainGroup = EA3C04E31ECC2B7E00C54472;
			productRefGroup = EA3C04ED1ECC2B7E00C54472 /* Products */;
			projectDirPath = "";
			projectRoot = "";
			targets = (
				EA1D42F61ED70BA2002177BF /* QHCoreLib */,
				EA1D42FE1ED70BA2002177BF /* QHCoreLibTests */,
			);
		};
/* End PBXProject section */

/* Begin PBXResourcesBuildPhase section */
		EA1D42F51ED70BA2002177BF /* Resources */ = {
			isa = PBXResourcesBuildPhase;
			buildActionMask = 2147483647;
			files = (
			);
			runOnlyForDeploymentPostprocessing = 0;
		};
		EA1D42FD1ED70BA2002177BF /* Resources */ = {
			isa = PBXResourcesBuildPhase;
			buildActionMask = 2147483647;
			files = (
			);
			runOnlyForDeploymentPostprocessing = 0;
		};
/* End PBXResourcesBuildPhase section */

/* Begin PBXShellScriptBuildPhase section */
		0AC51F79A675BE95F852769D /* [CP] Check Pods Manifest.lock */ = {
			isa = PBXShellScriptBuildPhase;
			buildActionMask = 2147483647;
			files = (
			);
			inputPaths = (
			);
			name = "[CP] Check Pods Manifest.lock";
			outputPaths = (
			);
			runOnlyForDeploymentPostprocessing = 0;
			shellPath = /bin/sh;
			shellScript = "diff \"${PODS_ROOT}/../Podfile.lock\" \"${PODS_ROOT}/Manifest.lock\" > /dev/null\nif [ $? != 0 ] ; then\n    # print error to STDERR\n    echo \"error: The sandbox is not in sync with the Podfile.lock. Run 'pod install' or update your CocoaPods installation.\" >&2\n    exit 1\nfi\n";
			showEnvVarsInLog = 0;
		};
		3370BE98A21AE65169A1026D /* [CP] Embed Pods Frameworks */ = {
			isa = PBXShellScriptBuildPhase;
			buildActionMask = 2147483647;
			files = (
			);
			inputPaths = (
			);
			name = "[CP] Embed Pods Frameworks";
			outputPaths = (
			);
			runOnlyForDeploymentPostprocessing = 0;
			shellPath = /bin/sh;
			shellScript = "\"${SRCROOT}/Pods/Target Support Files/Pods-QHCoreLibTests/Pods-QHCoreLibTests-frameworks.sh\"\n";
			showEnvVarsInLog = 0;
		};
		47B014A16C566C20BBA5145B /* [CP] Check Pods Manifest.lock */ = {
			isa = PBXShellScriptBuildPhase;
			buildActionMask = 2147483647;
			files = (
			);
			inputPaths = (
			);
			name = "[CP] Check Pods Manifest.lock";
			outputPaths = (
			);
			runOnlyForDeploymentPostprocessing = 0;
			shellPath = /bin/sh;
			shellScript = "diff \"${PODS_ROOT}/../Podfile.lock\" \"${PODS_ROOT}/Manifest.lock\" > /dev/null\nif [ $? != 0 ] ; then\n    # print error to STDERR\n    echo \"error: The sandbox is not in sync with the Podfile.lock. Run 'pod install' or update your CocoaPods installation.\" >&2\n    exit 1\nfi\n";
			showEnvVarsInLog = 0;
		};
		AE4E1CE11F78CCA2F1FDE0D1 /* [CP] Copy Pods Resources */ = {
			isa = PBXShellScriptBuildPhase;
			buildActionMask = 2147483647;
			files = (
			);
			inputPaths = (
			);
			name = "[CP] Copy Pods Resources";
			outputPaths = (
			);
			runOnlyForDeploymentPostprocessing = 0;
			shellPath = /bin/sh;
			shellScript = "\"${SRCROOT}/Pods/Target Support Files/Pods-QHCoreLibTests/Pods-QHCoreLibTests-resources.sh\"\n";
			showEnvVarsInLog = 0;
		};
		B6C3491FE4C6D4CBEAF9EEA2 /* [CP] Copy Pods Resources */ = {
			isa = PBXShellScriptBuildPhase;
			buildActionMask = 2147483647;
			files = (
			);
			inputPaths = (
			);
			name = "[CP] Copy Pods Resources";
			outputPaths = (
			);
			runOnlyForDeploymentPostprocessing = 0;
			shellPath = /bin/sh;
			shellScript = "\"${SRCROOT}/Pods/Target Support Files/Pods-QHCoreLib/Pods-QHCoreLib-resources.sh\"\n";
			showEnvVarsInLog = 0;
		};
/* End PBXShellScriptBuildPhase section */

/* Begin PBXSourcesBuildPhase section */
		EA1D42F21ED70BA2002177BF /* Sources */ = {
			isa = PBXSourcesBuildPhase;
			buildActionMask = 2147483647;
			files = (
				EA1D43871ED70CE3002177BF /* _QHNetworkWorkerAFHTTPRequestOperation.m in Sources */,
				EA1D43731ED70CE3002177BF /* DDLog.m in Sources */,
				EA1D43841ED70CE3002177BF /* QHNetworkWorker.m in Sources */,
				EA1D43801ED70CE3002177BF /* QHNetworkResponse.m in Sources */,
				EA1D437C1ED70CE3002177BF /* QHNetworkApi.m in Sources */,
				EA1D438E1ED70CE3002177BF /* AFNetworkReachabilityManager.m in Sources */,
				EA1D43751ED70CE3002177BF /* DDTTYLogger.m in Sources */,
				EA1D43941ED70CE3002177BF /* AFURLRequestSerialization.m in Sources */,
				EAAA79EB1ED96871008135BE /* QHAsserts.m in Sources */,
				EA1D43921ED70CE3002177BF /* AFURLConnectionOperation.m in Sources */,
				EA1D436F1ED70CE3002177BF /* QHUtil.m in Sources */,
				EA1D43711ED70CE3002177BF /* DDFileLogger.m in Sources */,
				EA1D438B1ED70CE3002177BF /* AFHTTPRequestOperationManager.m in Sources */,
				EA1D437E1ED70CE3002177BF /* QHNetworkRequest.m in Sources */,
				EA1D44361ED95FBC002177BF /* QHClockEntry.m in Sources */,
				EA1D43771ED70CE3002177BF /* QHLogUtil.m in Sources */,
				EA1D43791ED70CE3002177BF /* QHNetwork.m in Sources */,
				EA1D43651ED70CE3002177BF /* Foundation+QHCoreLib.m in Sources */,
				EA1D43901ED70CE3002177BF /* AFSecurityPolicy.m in Sources */,
				EA1D436A1ED70CE3002177BF /* QHDefaultValue.m in Sources */,
				EA1D43891ED70CE3002177BF /* AFHTTPRequestOperation.m in Sources */,
				EA1D43821ED70CE3002177BF /* QHNetworkUtil.m in Sources */,
				EA1D43961ED70CE3002177BF /* AFURLResponseSerialization.m in Sources */,
			);
			runOnlyForDeploymentPostprocessing = 0;
		};
		EA1D42FB1ED70BA2002177BF /* Sources */ = {
			isa = PBXSourcesBuildPhase;
			buildActionMask = 2147483647;
			files = (
				EA1D43A01ED70E50002177BF /* QHCoreLibNetworkApiTests.m in Sources */,
				EA1D43051ED70BA3002177BF /* QHCoreLibTests.m in Sources */,
				EA1D439A1ED70E3A002177BF /* QHCoreLibExternCTests.m in Sources */,
				EA1D43971ED70E32002177BF /* QHCoreLibAssertsTests.m in Sources */,
				EA1D439B1ED70E40002177BF /* QHCoreLibUtilTests.m in Sources */,
				EA1D439C1ED70E44002177BF /* QHCoreLibDefaultValueTests.m in Sources */,
				EA1D43981ED70E35002177BF /* QHCoreLibDefinesTests.m in Sources */,
				EAAA79E91ED9639A008135BE /* QHCoreLibClockEntryTests.m in Sources */,
				EA1D439F1ED70E4C002177BF /* QHCoreLibLogTests.m in Sources */,
				EA1D43991ED70E38002177BF /* QHCoreLibExternCppTests.mm in Sources */,
				EA1D439E1ED70E49002177BF /* QHCoreLibFoundationTests.m in Sources */,
			);
			runOnlyForDeploymentPostprocessing = 0;
		};
/* End PBXSourcesBuildPhase section */

/* Begin PBXTargetDependency section */
		EAAE57661ED973800084FA69 /* PBXTargetDependency */ = {
			isa = PBXTargetDependency;
			target = EA1D42F61ED70BA2002177BF /* QHCoreLib */;
			targetProxy = EAAE57651ED973800084FA69 /* PBXContainerItemProxy */;
		};
/* End PBXTargetDependency section */

/* Begin XCBuildConfiguration section */
		EA1D43091ED70BA3002177BF /* Debug */ = {
			isa = XCBuildConfiguration;
			baseConfigurationReference = 7851078F08662E6B8192606E /* Pods-QHCoreLib.debug.xcconfig */;
			buildSettings = {
				CODE_SIGN_IDENTITY = "";
				CURRENT_PROJECT_VERSION = 1;
				DEFINES_MODULE = YES;
				DEVELOPMENT_TEAM = XD4G683TDY;
				DYLIB_COMPATIBILITY_VERSION = 1;
				DYLIB_CURRENT_VERSION = 1;
				DYLIB_INSTALL_NAME_BASE = "@rpath";
				INFOPLIST_FILE = QHCoreLib/Info.plist;
				INSTALL_PATH = "$(LOCAL_LIBRARY_DIR)/Frameworks";
				LD_RUNPATH_SEARCH_PATHS = "$(inherited) @executable_path/Frameworks @loader_path/Frameworks";
				MODULEMAP_FILE = QHCoreLib/QHCoreLib.modulemap;
				PRODUCT_BUNDLE_IDENTIFIER = com.tencent.QHLib.QHCoreLib;
				PRODUCT_NAME = "$(TARGET_NAME)";
				SKIP_INSTALL = YES;
				TARGETED_DEVICE_FAMILY = "1,2";
				VERSIONING_SYSTEM = "apple-generic";
				VERSION_INFO_PREFIX = "";
			};
			name = Debug;
		};
		EA1D430A1ED70BA3002177BF /* Release */ = {
			isa = XCBuildConfiguration;
			baseConfigurationReference = 938ABA409DE2D52EBFB8B765 /* Pods-QHCoreLib.release.xcconfig */;
			buildSettings = {
				CODE_SIGN_IDENTITY = "";
				CURRENT_PROJECT_VERSION = 1;
				DEFINES_MODULE = YES;
				DEVELOPMENT_TEAM = XD4G683TDY;
				DYLIB_COMPATIBILITY_VERSION = 1;
				DYLIB_CURRENT_VERSION = 1;
				DYLIB_INSTALL_NAME_BASE = "@rpath";
				INFOPLIST_FILE = QHCoreLib/Info.plist;
				INSTALL_PATH = "$(LOCAL_LIBRARY_DIR)/Frameworks";
				LD_RUNPATH_SEARCH_PATHS = "$(inherited) @executable_path/Frameworks @loader_path/Frameworks";
				MODULEMAP_FILE = QHCoreLib/QHCoreLib.modulemap;
				PRODUCT_BUNDLE_IDENTIFIER = com.tencent.QHLib.QHCoreLib;
				PRODUCT_NAME = "$(TARGET_NAME)";
				SKIP_INSTALL = YES;
				TARGETED_DEVICE_FAMILY = "1,2";
				VERSIONING_SYSTEM = "apple-generic";
				VERSION_INFO_PREFIX = "";
			};
			name = Release;
		};
		EA1D430C1ED70BA3002177BF /* Debug */ = {
			isa = XCBuildConfiguration;
			baseConfigurationReference = 0BF5B35E29ACCBA6610B6542 /* Pods-QHCoreLibTests.debug.xcconfig */;
			buildSettings = {
				DEVELOPMENT_TEAM = XD4G683TDY;
				INFOPLIST_FILE = QHCoreLibTests/Info.plist;
				LD_RUNPATH_SEARCH_PATHS = "$(inherited) @executable_path/Frameworks @loader_path/Frameworks";
				PRODUCT_BUNDLE_IDENTIFIER = com.tencent.QHLib.QHCoreLibTests;
				PRODUCT_NAME = "$(TARGET_NAME)";
			};
			name = Debug;
		};
		EA1D430D1ED70BA3002177BF /* Release */ = {
			isa = XCBuildConfiguration;
			baseConfigurationReference = A4FB93821E521314C7F610C2 /* Pods-QHCoreLibTests.release.xcconfig */;
			buildSettings = {
				DEVELOPMENT_TEAM = XD4G683TDY;
				INFOPLIST_FILE = QHCoreLibTests/Info.plist;
				LD_RUNPATH_SEARCH_PATHS = "$(inherited) @executable_path/Frameworks @loader_path/Frameworks";
				PRODUCT_BUNDLE_IDENTIFIER = com.tencent.QHLib.QHCoreLibTests;
				PRODUCT_NAME = "$(TARGET_NAME)";
			};
			name = Release;
		};
		EA3C04F31ECC2B7E00C54472 /* Debug */ = {
			isa = XCBuildConfiguration;
			buildSettings = {
				ALWAYS_SEARCH_USER_PATHS = NO;
				CLANG_ANALYZER_NONNULL = YES;
				CLANG_ANALYZER_NUMBER_OBJECT_CONVERSION = YES_AGGRESSIVE;
				CLANG_CXX_LANGUAGE_STANDARD = "gnu++0x";
				CLANG_CXX_LIBRARY = "libc++";
				CLANG_ENABLE_MODULES = YES;
				CLANG_ENABLE_OBJC_ARC = YES;
				CLANG_WARN_BOOL_CONVERSION = YES;
				CLANG_WARN_CONSTANT_CONVERSION = YES;
				CLANG_WARN_DIRECT_OBJC_ISA_USAGE = YES_ERROR;
				CLANG_WARN_DOCUMENTATION_COMMENTS = YES;
				CLANG_WARN_EMPTY_BODY = YES;
				CLANG_WARN_ENUM_CONVERSION = YES;
				CLANG_WARN_INFINITE_RECURSION = YES;
				CLANG_WARN_INT_CONVERSION = YES;
				CLANG_WARN_OBJC_ROOT_CLASS = YES_ERROR;
				CLANG_WARN_SUSPICIOUS_MOVE = YES;
				CLANG_WARN_UNREACHABLE_CODE = YES;
				CLANG_WARN__DUPLICATE_METHOD_MATCH = YES;
				"CODE_SIGN_IDENTITY[sdk=iphoneos*]" = "iPhone Developer";
				COPY_PHASE_STRIP = NO;
				DEBUG_INFORMATION_FORMAT = dwarf;
				ENABLE_STRICT_OBJC_MSGSEND = YES;
				ENABLE_TESTABILITY = YES;
				GCC_C_LANGUAGE_STANDARD = gnu99;
				GCC_DYNAMIC_NO_PIC = NO;
				GCC_NO_COMMON_BLOCKS = YES;
				GCC_OPTIMIZATION_LEVEL = 0;
				GCC_PREPROCESSOR_DEFINITIONS = (
					"DEBUG=1",
					"$(inherited)",
				);
				GCC_WARN_64_TO_32_BIT_CONVERSION = YES;
				GCC_WARN_ABOUT_RETURN_TYPE = YES_ERROR;
				GCC_WARN_UNDECLARED_SELECTOR = YES;
				GCC_WARN_UNINITIALIZED_AUTOS = YES_AGGRESSIVE;
				GCC_WARN_UNUSED_FUNCTION = YES;
				GCC_WARN_UNUSED_VARIABLE = YES;
				IPHONEOS_DEPLOYMENT_TARGET = 8.0;
				MTL_ENABLE_DEBUG_INFO = YES;
				ONLY_ACTIVE_ARCH = YES;
				OTHER_CFLAGS = "";
				OTHER_LDFLAGS = "-ObjC";
				SDKROOT = iphoneos;
			};
			name = Debug;
		};
		EA3C04F41ECC2B7E00C54472 /* Release */ = {
			isa = XCBuildConfiguration;
			buildSettings = {
				ALWAYS_SEARCH_USER_PATHS = NO;
				CLANG_ANALYZER_NONNULL = YES;
				CLANG_ANALYZER_NUMBER_OBJECT_CONVERSION = YES_AGGRESSIVE;
				CLANG_CXX_LANGUAGE_STANDARD = "gnu++0x";
				CLANG_CXX_LIBRARY = "libc++";
				CLANG_ENABLE_MODULES = YES;
				CLANG_ENABLE_OBJC_ARC = YES;
				CLANG_WARN_BOOL_CONVERSION = YES;
				CLANG_WARN_CONSTANT_CONVERSION = YES;
				CLANG_WARN_DIRECT_OBJC_ISA_USAGE = YES_ERROR;
				CLANG_WARN_DOCUMENTATION_COMMENTS = YES;
				CLANG_WARN_EMPTY_BODY = YES;
				CLANG_WARN_ENUM_CONVERSION = YES;
				CLANG_WARN_INFINITE_RECURSION = YES;
				CLANG_WARN_INT_CONVERSION = YES;
				CLANG_WARN_OBJC_ROOT_CLASS = YES_ERROR;
				CLANG_WARN_SUSPICIOUS_MOVE = YES;
				CLANG_WARN_UNREACHABLE_CODE = YES;
				CLANG_WARN__DUPLICATE_METHOD_MATCH = YES;
				"CODE_SIGN_IDENTITY[sdk=iphoneos*]" = "iPhone Developer";
				COPY_PHASE_STRIP = NO;
				DEBUG_INFORMATION_FORMAT = "dwarf-with-dsym";
				ENABLE_NS_ASSERTIONS = NO;
				ENABLE_STRICT_OBJC_MSGSEND = YES;
				GCC_C_LANGUAGE_STANDARD = gnu99;
				GCC_NO_COMMON_BLOCKS = YES;
				GCC_WARN_64_TO_32_BIT_CONVERSION = YES;
				GCC_WARN_ABOUT_RETURN_TYPE = YES_ERROR;
				GCC_WARN_UNDECLARED_SELECTOR = YES;
				GCC_WARN_UNINITIALIZED_AUTOS = YES_AGGRESSIVE;
				GCC_WARN_UNUSED_FUNCTION = YES;
				GCC_WARN_UNUSED_VARIABLE = YES;
				IPHONEOS_DEPLOYMENT_TARGET = 8.0;
				MTL_ENABLE_DEBUG_INFO = NO;
				OTHER_CFLAGS = "";
				OTHER_LDFLAGS = "-ObjC";
				SDKROOT = iphoneos;
				VALIDATE_PRODUCT = YES;
			};
			name = Release;
		};
/* End XCBuildConfiguration section */

/* Begin XCConfigurationList section */
		EA1D43081ED70BA3002177BF /* Build configuration list for PBXNativeTarget "QHCoreLib" */ = {
			isa = XCConfigurationList;
			buildConfigurations = (
				EA1D43091ED70BA3002177BF /* Debug */,
				EA1D430A1ED70BA3002177BF /* Release */,
			);
			defaultConfigurationIsVisible = 0;
			defaultConfigurationName = Release;
		};
		EA1D430B1ED70BA3002177BF /* Build configuration list for PBXNativeTarget "QHCoreLibTests" */ = {
			isa = XCConfigurationList;
			buildConfigurations = (
				EA1D430C1ED70BA3002177BF /* Debug */,
				EA1D430D1ED70BA3002177BF /* Release */,
			);
			defaultConfigurationIsVisible = 0;
			defaultConfigurationName = Release;
		};
		EA3C04E71ECC2B7E00C54472 /* Build configuration list for PBXProject "QHCoreLib" */ = {
			isa = XCConfigurationList;
			buildConfigurations = (
				EA3C04F31ECC2B7E00C54472 /* Debug */,
				EA3C04F41ECC2B7E00C54472 /* Release */,
			);
			defaultConfigurationIsVisible = 0;
			defaultConfigurationName = Release;
		};
/* End XCConfigurationList section */
	};
	rootObject = EA3C04E41ECC2B7E00C54472 /* Project object */;
}
